PODS:
  - Firebase/Analytics (4.10.1):
    - Firebase/Core
  - Firebase/Core (4.10.1):
    - FirebaseAnalytics (= 4.1.0)
    - FirebaseCore (= 4.0.17)
  - FirebaseAnalytics (4.1.0):
    - FirebaseCore (~> 4.0)
    - FirebaseInstanceID (~> 2.0)
    - "GoogleToolboxForMac/NSData+zlib (~> 2.1)"
    - nanopb (~> 0.3)
  - FirebaseCore (4.0.17):
    - "GoogleToolboxForMac/NSData+zlib (~> 2.1)"
  - FirebaseInstanceID (2.0.9):
    - FirebaseCore (~> 4.0)
  - GoogleToolboxForMac/Defines (2.1.3)
  - "GoogleToolboxForMac/NSData+zlib (2.1.3)":
    - GoogleToolboxForMac/Defines (= 2.1.3)
  - nanopb (0.3.8):
    - nanopb/decode (= 0.3.8)
    - nanopb/encode (= 0.3.8)
  - nanopb/decode (0.3.8)
  - nanopb/encode (0.3.8)
  - StanwoodAnalytics (1.0.2):
    - StanwoodAnalytics/Base (= 1.0.2)
  - StanwoodAnalytics/Base (1.0.2):
    - StanwoodAnalytics/Core
    - StanwoodAnalytics/Fabric
    - StanwoodAnalytics/TestFairy
  - StanwoodAnalytics/Core (1.0.2)
  - StanwoodAnalytics/Fabric (1.0.2):
    - StanwoodAnalytics/Core
  - StanwoodAnalytics/TestFairy (1.0.2):
    - StanwoodAnalytics/Core
  - StanwoodDialog (1.0.1)

DEPENDENCIES:
  - Firebase/Analytics
  - "StanwoodAnalytics (from `git@github.com:stanwood/Stanwood_Analytics_iOS.git`, branch `ios9-compatibility`)"
  - StanwoodDialog (from `../`)

SPEC REPOS:
  https://github.com/cocoapods/specs.git:
    - Firebase
    - FirebaseAnalytics
    - FirebaseCore
    - FirebaseInstanceID
    - GoogleToolboxForMac
    - nanopb

EXTERNAL SOURCES:
  StanwoodAnalytics:
    :branch: ios9-compatibility
    :git: "git@github.com:stanwood/Stanwood_Analytics_iOS.git"
  StanwoodDialog:
    :path: "../"

CHECKOUT OPTIONS:
  StanwoodAnalytics:
    :commit: fb1711dd1888868ec409acd3538bb7631c34bca2
    :git: "git@github.com:stanwood/Stanwood_Analytics_iOS.git"

SPEC CHECKSUMS:
  Firebase: 92c6ba593e32db0defde464a9adc981d5cb49f97
  FirebaseAnalytics: 3dfae28d4a5e06f86c4fae830efc2ad3fadb19bc
  FirebaseCore: 872307b001bbefda1dfa0dbfffa50a6919023d4a
  FirebaseInstanceID: d2058a35e9bebda1b6dd42486b84917bde552a9d
  GoogleToolboxForMac: 2501e2ad72a52eb3dfe7bd9aee7dad11b858bd20
  nanopb: 5601e6bca2dbf1ed831b519092ec110f66982ca3
  StanwoodAnalytics: faacf438e35f435d7ec0a10e5f2652f8084c333c
  StanwoodDialog: 65fd544cf62b42df9e50d100c77ba3feda40054b

PODFILE CHECKSUM: c464ad58179962dc8b9a79bb877750cb7ecc2c5d

COCOAPODS: 1.5.3
