PODS:
  - Kingfisher (4.6.1)
  - StanwoodDialog (0.6.0):
    - Kingfisher (~> 4.0)

DEPENDENCIES:
  - StanwoodDialog (from `../`)

EXTERNAL SOURCES:
  StanwoodDialog:
    :path: ../

SPEC CHECKSUMS:
  Kingfisher: 1f9157d9c02b380cbd0b7cc890161195164eb634
  StanwoodDialog: d04b2622c3cada506f26211f74337317c5164cc0

PODFILE CHECKSUM: a7f1b5a7264178b4460a30bdda0b297c960eb093

COCOAPODS: 1.3.1
